
Microsoft Visual Studio Solution File, Format Version 12.00
# Visual Studio 15
VisualStudioVersion = 15.0.28307.645
MinimumVisualStudioVersion = 10.0.40219.1
Project("{FAE04EC0-301F-11D3-BF4B-00C04F79EFBC}") = "XamBGServiceApp.Android", "XamBGServiceApp\XamBGServiceApp.Android\XamBGServiceApp.Android.csproj", "{89CF1EDE-5DFC-4185-BFF8-4A6E4248657E}"
EndProject
Project("{FAE04EC0-301F-11D3-BF4B-00C04F79EFBC}") = "XamBGServiceApp.iOS", "XamBGServiceApp\XamBGServiceApp.iOS\XamBGServiceApp.iOS.csproj", "{0BBACB3C-4B3F-404D-A474-2F468DC98A40}"
EndProject
Project("{FAE04EC0-301F-11D3-BF4B-00C04F79EFBC}") = "XamBGServiceApp.UWP", "XamBGServiceApp\XamBGServiceApp.UWP\XamBGServiceApp.UWP.csproj", "{CF920CD7-87CB-43E0-A510-F157FFC2FBEB}"
EndProject
Project("{FAE04EC0-301F-11D3-BF4B-00C04F79EFBC}") = "XamBGServiceApp", "XamBGServiceApp\XamBGServiceApp\XamBGServiceApp.csproj", "{962A86EB-B43B-49FF-8BEF-BAB75B995D99}"
EndProject
Global
	GlobalSection(SolutionConfigurationPlatforms) = preSolution
		Ad-Hoc|Any CPU = Ad-Hoc|Any CPU
		Ad-Hoc|ARM = Ad-Hoc|ARM
		Ad-Hoc|iPhone = Ad-Hoc|iPhone
		Ad-Hoc|iPhoneSimulator = Ad-Hoc|iPhoneSimulator
		Ad-Hoc|x64 = Ad-Hoc|x64
		Ad-Hoc|x86 = Ad-Hoc|x86
		AppStore|Any CPU = AppStore|Any CPU
		AppStore|ARM = AppStore|ARM
		AppStore|iPhone = AppStore|iPhone
		AppStore|iPhoneSimulator = AppStore|iPhoneSimulator
		AppStore|x64 = AppStore|x64
		AppStore|x86 = AppStore|x86
		Debug|Any CPU = Debug|Any CPU
		Debug|ARM = Debug|ARM
		Debug|iPhone = Debug|iPhone
		Debug|iPhoneSimulator = Debug|iPhoneSimulator
		Debug|x64 = Debug|x64
		Debug|x86 = Debug|x86
		Release|Any CPU = Release|Any CPU
		Release|ARM = Release|ARM
		Release|iPhone = Release|iPhone
		Release|iPhoneSimulator = Release|iPhoneSimulator
		Release|x64 = Release|x64
		Release|x86 = Release|x86
	EndGlobalSection
	GlobalSection(ProjectConfigurationPlatforms) = postSolution
		{89CF1EDE-5DFC-4185-BFF8-4A6E4248657E}.Ad-Hoc|Any CPU.ActiveCfg = Release|Any CPU
		{89CF1EDE-5DFC-4185-BFF8-4A6E4248657E}.Ad-Hoc|Any CPU.Build.0 = Release|Any CPU
		{89CF1EDE-5DFC-4185-BFF8-4A6E4248657E}.Ad-Hoc|Any CPU.Deploy.0 = Release|Any CPU
		{89CF1EDE-5DFC-4185-BFF8-4A6E4248657E}.Ad-Hoc|ARM.ActiveCfg = Release|Any CPU
		{89CF1EDE-5DFC-4185-BFF8-4A6E4248657E}.Ad-Hoc|ARM.Build.0 = Release|Any CPU
		{89CF1EDE-5DFC-4185-BFF8-4A6E4248657E}.Ad-Hoc|ARM.Deploy.0 = Release|Any CPU
		{89CF1EDE-5DFC-4185-BFF8-4A6E4248657E}.Ad-Hoc|iPhone.ActiveCfg = Release|Any CPU
		{89CF1EDE-5DFC-4185-BFF8-4A6E4248657E}.Ad-Hoc|iPhone.Build.0 = Release|Any CPU
		{89CF1EDE-5DFC-4185-BFF8-4A6E4248657E}.Ad-Hoc|iPhone.Deploy.0 = Release|Any CPU
		{89CF1EDE-5DFC-4185-BFF8-4A6E4248657E}.Ad-Hoc|iPhoneSimulator.ActiveCfg = Release|Any CPU
		{89CF1EDE-5DFC-4185-BFF8-4A6E4248657E}.Ad-Hoc|iPhoneSimulator.Build.0 = Release|Any CPU
		{89CF1EDE-5DFC-4185-BFF8-4A6E4248657E}.Ad-Hoc|iPhoneSimulator.Deploy.0 = Release|Any CPU
		{89CF1EDE-5DFC-4185-BFF8-4A6E4248657E}.Ad-Hoc|x64.ActiveCfg = Release|Any CPU
		{89CF1EDE-5DFC-4185-BFF8-4A6E4248657E}.Ad-Hoc|x64.Build.0 = Release|Any CPU
		{89CF1EDE-5DFC-4185-BFF8-4A6E4248657E}.Ad-Hoc|x64.Deploy.0 = Release|Any CPU
		{89CF1EDE-5DFC-4185-BFF8-4A6E4248657E}.Ad-Hoc|x86.ActiveCfg = Release|Any CPU
		{89CF1EDE-5DFC-4185-BFF8-4A6E4248657E}.Ad-Hoc|x86.Build.0 = Release|Any CPU
		{89CF1EDE-5DFC-4185-BFF8-4A6E4248657E}.Ad-Hoc|x86.Deploy.0 = Release|Any CPU
		{89CF1EDE-5DFC-4185-BFF8-4A6E4248657E}.AppStore|Any CPU.ActiveCfg = Release|Any CPU
		{89CF1EDE-5DFC-4185-BFF8-4A6E4248657E}.AppStore|Any CPU.Build.0 = Release|Any CPU
		{89CF1EDE-5DFC-4185-BFF8-4A6E4248657E}.AppStore|Any CPU.Deploy.0 = Release|Any CPU
		{89CF1EDE-5DFC-4185-BFF8-4A6E4248657E}.AppStore|ARM.ActiveCfg = Release|Any CPU
		{89CF1EDE-5DFC-4185-BFF8-4A6E4248657E}.AppStore|ARM.Build.0 = Release|Any CPU
		{89CF1EDE-5DFC-4185-BFF8-4A6E4248657E}.AppStore|ARM.Deploy.0 = Release|Any CPU
		{89CF1EDE-5DFC-4185-BFF8-4A6E4248657E}.AppStore|iPhone.ActiveCfg = Release|Any CPU
		{89CF1EDE-5DFC-4185-BFF8-4A6E4248657E}.AppStore|iPhone.Build.0 = Release|Any CPU
		{89CF1EDE-5DFC-4185-BFF8-4A6E4248657E}.AppStore|iPhone.Deploy.0 = Release|Any CPU
		{89CF1EDE-5DFC-4185-BFF8-4A6E4248657E}.AppStore|iPhoneSimulator.ActiveCfg = Release|Any CPU
		{89CF1EDE-5DFC-4185-BFF8-4A6E4248657E}.AppStore|iPhoneSimulator.Build.0 = Release|Any CPU
		{89CF1EDE-5DFC-4185-BFF8-4A6E4248657E}.AppStore|iPhoneSimulator.Deploy.0 = Release|Any CPU
		{89CF1EDE-5DFC-4185-BFF8-4A6E4248657E}.AppStore|x64.ActiveCfg = Release|Any CPU
		{89CF1EDE-5DFC-4185-BFF8-4A6E4248657E}.AppStore|x64.Build.0 = Release|Any CPU
		{89CF1EDE-5DFC-4185-BFF8-4A6E4248657E}.AppStore|x64.Deploy.0 = Release|Any CPU
		{89CF1EDE-5DFC-4185-BFF8-4A6E4248657E}.AppStore|x86.ActiveCfg = Release|Any CPU
		{89CF1EDE-5DFC-4185-BFF8-4A6E4248657E}.AppStore|x86.Build.0 = Release|Any CPU
		{89CF1EDE-5DFC-4185-BFF8-4A6E4248657E}.AppStore|x86.Deploy.0 = Release|Any CPU
		{89CF1EDE-5DFC-4185-BFF8-4A6E4248657E}.Debug|Any CPU.ActiveCfg = Debug|Any CPU
		{89CF1EDE-5DFC-4185-BFF8-4A6E4248657E}.Debug|Any CPU.Build.0 = Debug|Any CPU
		{89CF1EDE-5DFC-4185-BFF8-4A6E4248657E}.Debug|Any CPU.Deploy.0 = Debug|Any CPU
		{89CF1EDE-5DFC-4185-BFF8-4A6E4248657E}.Debug|ARM.ActiveCfg = Debug|Any CPU
		{89CF1EDE-5DFC-4185-BFF8-4A6E4248657E}.Debug|ARM.Build.0 = Debug|Any CPU
		{89CF1EDE-5DFC-4185-BFF8-4A6E4248657E}.Debug|ARM.Deploy.0 = Debug|Any CPU
		{89CF1EDE-5DFC-4185-BFF8-4A6E4248657E}.Debug|iPhone.ActiveCfg = Debug|Any CPU
		{89CF1EDE-5DFC-4185-BFF8-4A6E4248657E}.Debug|iPhone.Build.0 = Debug|Any CPU
		{89CF1EDE-5DFC-4185-BFF8-4A6E4248657E}.Debug|iPhone.Deploy.0 = Debug|Any CPU
		{89CF1EDE-5DFC-4185-BFF8-4A6E4248657E}.Debug|iPhoneSimulator.ActiveCfg = Debug|Any CPU
		{89CF1EDE-5DFC-4185-BFF8-4A6E4248657E}.Debug|iPhoneSimulator.Build.0 = Debug|Any CPU
		{89CF1EDE-5DFC-4185-BFF8-4A6E4248657E}.Debug|iPhoneSimulator.Deploy.0 = Debug|Any CPU
		{89CF1EDE-5DFC-4185-BFF8-4A6E4248657E}.Debug|x64.ActiveCfg = Debug|Any CPU
		{89CF1EDE-5DFC-4185-BFF8-4A6E4248657E}.Debug|x64.Build.0 = Debug|Any CPU
		{89CF1EDE-5DFC-4185-BFF8-4A6E4248657E}.Debug|x64.Deploy.0 = Debug|Any CPU
		{89CF1EDE-5DFC-4185-BFF8-4A6E4248657E}.Debug|x86.ActiveCfg = Debug|Any CPU
		{89CF1EDE-5DFC-4185-BFF8-4A6E4248657E}.Debug|x86.Build.0 = Debug|Any CPU
		{89CF1EDE-5DFC-4185-BFF8-4A6E4248657E}.Debug|x86.Deploy.0 = Debug|Any CPU
		{89CF1EDE-5DFC-4185-BFF8-4A6E4248657E}.Release|Any CPU.ActiveCfg = Release|Any CPU
		{89CF1EDE-5DFC-4185-BFF8-4A6E4248657E}.Release|Any CPU.Build.0 = Release|Any CPU
		{89CF1EDE-5DFC-4185-BFF8-4A6E4248657E}.Release|Any CPU.Deploy.0 = Release|Any CPU
		{89CF1EDE-5DFC-4185-BFF8-4A6E4248657E}.Release|ARM.ActiveCfg = Release|Any CPU
		{89CF1EDE-5DFC-4185-BFF8-4A6E4248657E}.Release|ARM.Build.0 = Release|Any CPU
		{89CF1EDE-5DFC-4185-BFF8-4A6E4248657E}.Release|ARM.Deploy.0 = Release|Any CPU
		{89CF1EDE-5DFC-4185-BFF8-4A6E4248657E}.Release|iPhone.ActiveCfg = Release|Any CPU
		{89CF1EDE-5DFC-4185-BFF8-4A6E4248657E}.Release|iPhone.Build.0 = Release|Any CPU
		{89CF1EDE-5DFC-4185-BFF8-4A6E4248657E}.Release|iPhone.Deploy.0 = Release|Any CPU
		{89CF1EDE-5DFC-4185-BFF8-4A6E4248657E}.Release|iPhoneSimulator.ActiveCfg = Release|Any CPU
		{89CF1EDE-5DFC-4185-BFF8-4A6E4248657E}.Release|iPhoneSimulator.Build.0 = Release|Any CPU
		{89CF1EDE-5DFC-4185-BFF8-4A6E4248657E}.Release|iPhoneSimulator.Deploy.0 = Release|Any CPU
		{89CF1EDE-5DFC-4185-BFF8-4A6E4248657E}.Release|x64.ActiveCfg = Release|Any CPU
		{89CF1EDE-5DFC-4185-BFF8-4A6E4248657E}.Release|x64.Build.0 = Release|Any CPU
		{89CF1EDE-5DFC-4185-BFF8-4A6E4248657E}.Release|x64.Deploy.0 = Release|Any CPU
		{89CF1EDE-5DFC-4185-BFF8-4A6E4248657E}.Release|x86.ActiveCfg = Release|Any CPU
		{89CF1EDE-5DFC-4185-BFF8-4A6E4248657E}.Release|x86.Build.0 = Release|Any CPU
		{89CF1EDE-5DFC-4185-BFF8-4A6E4248657E}.Release|x86.Deploy.0 = Release|Any CPU
		{0BBACB3C-4B3F-404D-A474-2F468DC98A40}.Ad-Hoc|Any CPU.ActiveCfg = Ad-Hoc|iPhone
		{0BBACB3C-4B3F-404D-A474-2F468DC98A40}.Ad-Hoc|Any CPU.Build.0 = Ad-Hoc|iPhone
		{0BBACB3C-4B3F-404D-A474-2F468DC98A40}.Ad-Hoc|Any CPU.Deploy.0 = Ad-Hoc|iPhone
		{0BBACB3C-4B3F-404D-A474-2F468DC98A40}.Ad-Hoc|ARM.ActiveCfg = Ad-Hoc|iPhone
		{0BBACB3C-4B3F-404D-A474-2F468DC98A40}.Ad-Hoc|ARM.Build.0 = Ad-Hoc|iPhone
		{0BBACB3C-4B3F-404D-A474-2F468DC98A40}.Ad-Hoc|ARM.Deploy.0 = Ad-Hoc|iPhone
		{0BBACB3C-4B3F-404D-A474-2F468DC98A40}.Ad-Hoc|iPhone.ActiveCfg = Ad-Hoc|iPhone
		{0BBACB3C-4B3F-404D-A474-2F468DC98A40}.Ad-Hoc|iPhone.Build.0 = Ad-Hoc|iPhone
		{0BBACB3C-4B3F-404D-A474-2F468DC98A40}.Ad-Hoc|iPhone.Deploy.0 = Ad-Hoc|iPhone
		{0BBACB3C-4B3F-404D-A474-2F468DC98A40}.Ad-Hoc|iPhoneSimulator.ActiveCfg = Ad-Hoc|iPhoneSimulator
		{0BBACB3C-4B3F-404D-A474-2F468DC98A40}.Ad-Hoc|iPhoneSimulator.Build.0 = Ad-Hoc|iPhoneSimulator
		{0BBACB3C-4B3F-404D-A474-2F468DC98A40}.Ad-Hoc|iPhoneSimulator.Deploy.0 = Ad-Hoc|iPhoneSimulator
		{0BBACB3C-4B3F-404D-A474-2F468DC98A40}.Ad-Hoc|x64.ActiveCfg = Ad-Hoc|iPhone
		{0BBACB3C-4B3F-404D-A474-2F468DC98A40}.Ad-Hoc|x64.Build.0 = Ad-Hoc|iPhone
		{0BBACB3C-4B3F-404D-A474-2F468DC98A40}.Ad-Hoc|x64.Deploy.0 = Ad-Hoc|iPhone
		{0BBACB3C-4B3F-404D-A474-2F468DC98A40}.Ad-Hoc|x86.ActiveCfg = Ad-Hoc|iPhone
		{0BBACB3C-4B3F-404D-A474-2F468DC98A40}.Ad-Hoc|x86.Build.0 = Ad-Hoc|iPhone
		{0BBACB3C-4B3F-404D-A474-2F468DC98A40}.Ad-Hoc|x86.Deploy.0 = Ad-Hoc|iPhone
		{0BBACB3C-4B3F-404D-A474-2F468DC98A40}.AppStore|Any CPU.ActiveCfg = AppStore|iPhone
		{0BBACB3C-4B3F-404D-A474-2F468DC98A40}.AppStore|Any CPU.Build.0 = AppStore|iPhone
		{0BBACB3C-4B3F-404D-A474-2F468DC98A40}.AppStore|Any CPU.Deploy.0 = AppStore|iPhone
		{0BBACB3C-4B3F-404D-A474-2F468DC98A40}.AppStore|ARM.ActiveCfg = AppStore|iPhone
		{0BBACB3C-4B3F-404D-A474-2F468DC98A40}.AppStore|ARM.Build.0 = AppStore|iPhone
		{0BBACB3C-4B3F-404D-A474-2F468DC98A40}.AppStore|ARM.Deploy.0 = AppStore|iPhone
		{0BBACB3C-4B3F-404D-A474-2F468DC98A40}.AppStore|iPhone.ActiveCfg = AppStore|iPhone
		{0BBACB3C-4B3F-404D-A474-2F468DC98A40}.AppStore|iPhone.Build.0 = AppStore|iPhone
		{0BBACB3C-4B3F-404D-A474-2F468DC98A40}.AppStore|iPhone.Deploy.0 = AppStore|iPhone
		{0BBACB3C-4B3F-404D-A474-2F468DC98A40}.AppStore|iPhoneSimulator.ActiveCfg = AppStore|iPhoneSimulator
		{0BBACB3C-4B3F-404D-A474-2F468DC98A40}.AppStore|iPhoneSimulator.Build.0 = AppStore|iPhoneSimulator
		{0BBACB3C-4B3F-404D-A474-2F468DC98A40}.AppStore|iPhoneSimulator.Deploy.0 = AppStore|iPhoneSimulator
		{0BBACB3C-4B3F-404D-A474-2F468DC98A40}.AppStore|x64.ActiveCfg = AppStore|iPhone
		{0BBACB3C-4B3F-404D-A474-2F468DC98A40}.AppStore|x64.Build.0 = AppStore|iPhone
		{0BBACB3C-4B3F-404D-A474-2F468DC98A40}.AppStore|x64.Deploy.0 = AppStore|iPhone
		{0BBACB3C-4B3F-404D-A474-2F468DC98A40}.AppStore|x86.ActiveCfg = AppStore|iPhone
		{0BBACB3C-4B3F-404D-A474-2F468DC98A40}.AppStore|x86.Build.0 = AppStore|iPhone
		{0BBACB3C-4B3F-404D-A474-2F468DC98A40}.AppStore|x86.Deploy.0 = AppStore|iPhone
		{0BBACB3C-4B3F-404D-A474-2F468DC98A40}.Debug|Any CPU.ActiveCfg = Debug|iPhoneSimulator
		{0BBACB3C-4B3F-404D-A474-2F468DC98A40}.Debug|Any CPU.Build.0 = Debug|iPhoneSimulator
		{0BBACB3C-4B3F-404D-A474-2F468DC98A40}.Debug|Any CPU.Deploy.0 = Debug|iPhoneSimulator
		{0BBACB3C-4B3F-404D-A474-2F468DC98A40}.Debug|ARM.ActiveCfg = Debug|iPhone
		{0BBACB3C-4B3F-404D-A474-2F468DC98A40}.Debug|ARM.Build.0 = Debug|iPhone
		{0BBACB3C-4B3F-404D-A474-2F468DC98A40}.Debug|ARM.Deploy.0 = Debug|iPhone
		{0BBACB3C-4B3F-404D-A474-2F468DC98A40}.Debug|iPhone.ActiveCfg = Debug|iPhone
		{0BBACB3C-4B3F-404D-A474-2F468DC98A40}.Debug|iPhone.Build.0 = Debug|iPhone
		{0BBACB3C-4B3F-404D-A474-2F468DC98A40}.Debug|iPhone.Deploy.0 = Debug|iPhone
		{0BBACB3C-4B3F-404D-A474-2F468DC98A40}.Debug|iPhoneSimulator.ActiveCfg = Debug|iPhoneSimulator
		{0BBACB3C-4B3F-404D-A474-2F468DC98A40}.Debug|iPhoneSimulator.Build.0 = Debug|iPhoneSimulator
		{0BBACB3C-4B3F-404D-A474-2F468DC98A40}.Debug|iPhoneSimulator.Deploy.0 = Debug|iPhoneSimulator
		{0BBACB3C-4B3F-404D-A474-2F468DC98A40}.Debug|x64.ActiveCfg = Debug|iPhone
		{0BBACB3C-4B3F-404D-A474-2F468DC98A40}.Debug|x64.Build.0 = Debug|iPhone
		{0BBACB3C-4B3F-404D-A474-2F468DC98A40}.Debug|x64.Deploy.0 = Debug|iPhone
		{0BBACB3C-4B3F-404D-A474-2F468DC98A40}.Debug|x86.ActiveCfg = Debug|iPhone
		{0BBACB3C-4B3F-404D-A474-2F468DC98A40}.Debug|x86.Build.0 = Debug|iPhone
		{0BBACB3C-4B3F-404D-A474-2F468DC98A40}.Debug|x86.Deploy.0 = Debug|iPhone
		{0BBACB3C-4B3F-404D-A474-2F468DC98A40}.Release|Any CPU.ActiveCfg = Release|iPhone
		{0BBACB3C-4B3F-404D-A474-2F468DC98A40}.Release|Any CPU.Build.0 = Release|iPhone
		{0BBACB3C-4B3F-404D-A474-2F468DC98A40}.Release|Any CPU.Deploy.0 = Release|iPhone
		{0BBACB3C-4B3F-404D-A474-2F468DC98A40}.Release|ARM.ActiveCfg = Release|iPhone
		{0BBACB3C-4B3F-404D-A474-2F468DC98A40}.Release|ARM.Build.0 = Release|iPhone
		{0BBACB3C-4B3F-404D-A474-2F468DC98A40}.Release|ARM.Deploy.0 = Release|iPhone
		{0BBACB3C-4B3F-404D-A474-2F468DC98A40}.Release|iPhone.ActiveCfg = Release|iPhone
		{0BBACB3C-4B3F-404D-A474-2F468DC98A40}.Release|iPhone.Build.0 = Release|iPhone
		{0BBACB3C-4B3F-404D-A474-2F468DC98A40}.Release|iPhone.Deploy.0 = Release|iPhone
		{0BBACB3C-4B3F-404D-A474-2F468DC98A40}.Release|iPhoneSimulator.ActiveCfg = Release|iPhoneSimulator
		{0BBACB3C-4B3F-404D-A474-2F468DC98A40}.Release|iPhoneSimulator.Build.0 = Release|iPhoneSimulator
		{0BBACB3C-4B3F-404D-A474-2F468DC98A40}.Release|iPhoneSimulator.Deploy.0 = Release|iPhoneSimulator
		{0BBACB3C-4B3F-404D-A474-2F468DC98A40}.Release|x64.ActiveCfg = Release|iPhone
		{0BBACB3C-4B3F-404D-A474-2F468DC98A40}.Release|x64.Build.0 = Release|iPhone
		{0BBACB3C-4B3F-404D-A474-2F468DC98A40}.Release|x64.Deploy.0 = Release|iPhone
		{0BBACB3C-4B3F-404D-A474-2F468DC98A40}.Release|x86.ActiveCfg = Release|iPhone
		{0BBACB3C-4B3F-404D-A474-2F468DC98A40}.Release|x86.Build.0 = Release|iPhone
		{0BBACB3C-4B3F-404D-A474-2F468DC98A40}.Release|x86.Deploy.0 = Release|iPhone
		{CF920CD7-87CB-43E0-A510-F157FFC2FBEB}.Ad-Hoc|Any CPU.ActiveCfg = Release|x86
		{CF920CD7-87CB-43E0-A510-F157FFC2FBEB}.Ad-Hoc|Any CPU.Build.0 = Release|x86
		{CF920CD7-87CB-43E0-A510-F157FFC2FBEB}.Ad-Hoc|Any CPU.Deploy.0 = Release|x86
		{CF920CD7-87CB-43E0-A510-F157FFC2FBEB}.Ad-Hoc|ARM.ActiveCfg = Release|ARM
		{CF920CD7-87CB-43E0-A510-F157FFC2FBEB}.Ad-Hoc|ARM.Build.0 = Release|ARM
		{CF920CD7-87CB-43E0-A510-F157FFC2FBEB}.Ad-Hoc|ARM.Deploy.0 = Release|ARM
		{CF920CD7-87CB-43E0-A510-F157FFC2FBEB}.Ad-Hoc|iPhone.ActiveCfg = Release|x86
		{CF920CD7-87CB-43E0-A510-F157FFC2FBEB}.Ad-Hoc|iPhone.Build.0 = Release|x86
		{CF920CD7-87CB-43E0-A510-F157FFC2FBEB}.Ad-Hoc|iPhone.Deploy.0 = Release|x86
		{CF920CD7-87CB-43E0-A510-F157FFC2FBEB}.Ad-Hoc|iPhoneSimulator.ActiveCfg = Release|x86
		{CF920CD7-87CB-43E0-A510-F157FFC2FBEB}.Ad-Hoc|iPhoneSimulator.Build.0 = Release|x86
		{CF920CD7-87CB-43E0-A510-F157FFC2FBEB}.Ad-Hoc|iPhoneSimulator.Deploy.0 = Release|x86
		{CF920CD7-87CB-43E0-A510-F157FFC2FBEB}.Ad-Hoc|x64.ActiveCfg = Release|x64
		{CF920CD7-87CB-43E0-A510-F157FFC2FBEB}.Ad-Hoc|x64.Build.0 = Release|x64
		{CF920CD7-87CB-43E0-A510-F157FFC2FBEB}.Ad-Hoc|x64.Deploy.0 = Release|x64
		{CF920CD7-87CB-43E0-A510-F157FFC2FBEB}.Ad-Hoc|x86.ActiveCfg = Release|x86
		{CF920CD7-87CB-43E0-A510-F157FFC2FBEB}.Ad-Hoc|x86.Build.0 = Release|x86
		{CF920CD7-87CB-43E0-A510-F157FFC2FBEB}.Ad-Hoc|x86.Deploy.0 = Release|x86
		{CF920CD7-87CB-43E0-A510-F157FFC2FBEB}.AppStore|Any CPU.ActiveCfg = Release|x86
		{CF920CD7-87CB-43E0-A510-F157FFC2FBEB}.AppStore|Any CPU.Build.0 = Release|x86
		{CF920CD7-87CB-43E0-A510-F157FFC2FBEB}.AppStore|Any CPU.Deploy.0 = Release|x86
		{CF920CD7-87CB-43E0-A510-F157FFC2FBEB}.AppStore|ARM.ActiveCfg = Release|ARM
		{CF920CD7-87CB-43E0-A510-F157FFC2FBEB}.AppStore|ARM.Build.0 = Release|ARM
		{CF920CD7-87CB-43E0-A510-F157FFC2FBEB}.AppStore|ARM.Deploy.0 = Release|ARM
		{CF920CD7-87CB-43E0-A510-F157FFC2FBEB}.AppStore|iPhone.ActiveCfg = Release|x86
		{CF920CD7-87CB-43E0-A510-F157FFC2FBEB}.AppStore|iPhone.Build.0 = Release|x86
		{CF920CD7-87CB-43E0-A510-F157FFC2FBEB}.AppStore|iPhone.Deploy.0 = Release|x86
		{CF920CD7-87CB-43E0-A510-F157FFC2FBEB}.AppStore|iPhoneSimulator.ActiveCfg = Release|x86
		{CF920CD7-87CB-43E0-A510-F157FFC2FBEB}.AppStore|iPhoneSimulator.Build.0 = Release|x86
		{CF920CD7-87CB-43E0-A510-F157FFC2FBEB}.AppStore|iPhoneSimulator.Deploy.0 = Release|x86
		{CF920CD7-87CB-43E0-A510-F157FFC2FBEB}.AppStore|x64.ActiveCfg = Release|x64
		{CF920CD7-87CB-43E0-A510-F157FFC2FBEB}.AppStore|x64.Build.0 = Release|x64
		{CF920CD7-87CB-43E0-A510-F157FFC2FBEB}.AppStore|x64.Deploy.0 = Release|x64
		{CF920CD7-87CB-43E0-A510-F157FFC2FBEB}.AppStore|x86.ActiveCfg = Release|x86
		{CF920CD7-87CB-43E0-A510-F157FFC2FBEB}.AppStore|x86.Build.0 = Release|x86
		{CF920CD7-87CB-43E0-A510-F157FFC2FBEB}.AppStore|x86.Deploy.0 = Release|x86
		{CF920CD7-87CB-43E0-A510-F157FFC2FBEB}.Debug|Any CPU.ActiveCfg = Debug|x86
		{CF920CD7-87CB-43E0-A510-F157FFC2FBEB}.Debug|Any CPU.Build.0 = Debug|x86
		{CF920CD7-87CB-43E0-A510-F157FFC2FBEB}.Debug|Any CPU.Deploy.0 = Debug|x86
		{CF920CD7-87CB-43E0-A510-F157FFC2FBEB}.Debug|ARM.ActiveCfg = Debug|ARM
		{CF920CD7-87CB-43E0-A510-F157FFC2FBEB}.Debug|ARM.Build.0 = Debug|ARM
		{CF920CD7-87CB-43E0-A510-F157FFC2FBEB}.Debug|ARM.Deploy.0 = Debug|ARM
		{CF920CD7-87CB-43E0-A510-F157FFC2FBEB}.Debug|iPhone.ActiveCfg = Debug|x86
		{CF920CD7-87CB-43E0-A510-F157FFC2FBEB}.Debug|iPhone.Build.0 = Debug|x86
		{CF920CD7-87CB-43E0-A510-F157FFC2FBEB}.Debug|iPhone.Deploy.0 = Debug|x86
		{CF920CD7-87CB-43E0-A510-F157FFC2FBEB}.Debug|iPhoneSimulator.ActiveCfg = Debug|x86
		{CF920CD7-87CB-43E0-A510-F157FFC2FBEB}.Debug|iPhoneSimulator.Build.0 = Debug|x86
		{CF920CD7-87CB-43E0-A510-F157FFC2FBEB}.Debug|iPhoneSimulator.Deploy.0 = Debug|x86
		{CF920CD7-87CB-43E0-A510-F157FFC2FBEB}.Debug|x64.ActiveCfg = Debug|x64
		{CF920CD7-87CB-43E0-A510-F157FFC2FBEB}.Debug|x64.Build.0 = Debug|x64
		{CF920CD7-87CB-43E0-A510-F157FFC2FBEB}.Debug|x64.Deploy.0 = Debug|x64
		{CF920CD7-87CB-43E0-A510-F157FFC2FBEB}.Debug|x86.ActiveCfg = Debug|x86
		{CF920CD7-87CB-43E0-A510-F157FFC2FBEB}.Debug|x86.Build.0 = Debug|x86
		{CF920CD7-87CB-43E0-A510-F157FFC2FBEB}.Debug|x86.Deploy.0 = Debug|x86
		{CF920CD7-87CB-43E0-A510-F157FFC2FBEB}.Release|Any CPU.ActiveCfg = Release|x86
		{CF920CD7-87CB-43E0-A510-F157FFC2FBEB}.Release|Any CPU.Build.0 = Release|x86
		{CF920CD7-87CB-43E0-A510-F157FFC2FBEB}.Release|Any CPU.Deploy.0 = Release|x86
		{CF920CD7-87CB-43E0-A510-F157FFC2FBEB}.Release|ARM.ActiveCfg = Release|ARM
		{CF920CD7-87CB-43E0-A510-F157FFC2FBEB}.Release|ARM.Build.0 = Release|ARM
		{CF920CD7-87CB-43E0-A510-F157FFC2FBEB}.Release|ARM.Deploy.0 = Release|ARM
		{CF920CD7-87CB-43E0-A510-F157FFC2FBEB}.Release|iPhone.ActiveCfg = Release|x86
		{CF920CD7-87CB-43E0-A510-F157FFC2FBEB}.Release|iPhone.Build.0 = Release|x86
		{CF920CD7-87CB-43E0-A510-F157FFC2FBEB}.Release|iPhone.Deploy.0 = Release|x86
		{CF920CD7-87CB-43E0-A510-F157FFC2FBEB}.Release|iPhoneSimulator.ActiveCfg = Release|x86
		{CF920CD7-87CB-43E0-A510-F157FFC2FBEB}.Release|iPhoneSimulator.Build.0 = Release|x86
		{CF920CD7-87CB-43E0-A510-F157FFC2FBEB}.Release|iPhoneSimulator.Deploy.0 = Release|x86
		{CF920CD7-87CB-43E0-A510-F157FFC2FBEB}.Release|x64.ActiveCfg = Release|x64
		{CF920CD7-87CB-43E0-A510-F157FFC2FBEB}.Release|x64.Build.0 = Release|x64
		{CF920CD7-87CB-43E0-A510-F157FFC2FBEB}.Release|x64.Deploy.0 = Release|x64
		{CF920CD7-87CB-43E0-A510-F157FFC2FBEB}.Release|x86.ActiveCfg = Release|x86
		{CF920CD7-87CB-43E0-A510-F157FFC2FBEB}.Release|x86.Build.0 = Release|x86
		{CF920CD7-87CB-43E0-A510-F157FFC2FBEB}.Release|x86.Deploy.0 = Release|x86
		{962A86EB-B43B-49FF-8BEF-BAB75B995D99}.Ad-Hoc|Any CPU.ActiveCfg = Debug|Any CPU
		{962A86EB-B43B-49FF-8BEF-BAB75B995D99}.Ad-Hoc|Any CPU.Build.0 = Debug|Any CPU
		{962A86EB-B43B-49FF-8BEF-BAB75B995D99}.Ad-Hoc|Any CPU.Deploy.0 = Debug|Any CPU
		{962A86EB-B43B-49FF-8BEF-BAB75B995D99}.Ad-Hoc|ARM.ActiveCfg = Debug|Any CPU
		{962A86EB-B43B-49FF-8BEF-BAB75B995D99}.Ad-Hoc|ARM.Build.0 = Debug|Any CPU
		{962A86EB-B43B-49FF-8BEF-BAB75B995D99}.Ad-Hoc|ARM.Deploy.0 = Debug|Any CPU
		{962A86EB-B43B-49FF-8BEF-BAB75B995D99}.Ad-Hoc|iPhone.ActiveCfg = Debug|Any CPU
		{962A86EB-B43B-49FF-8BEF-BAB75B995D99}.Ad-Hoc|iPhone.Build.0 = Debug|Any CPU
		{962A86EB-B43B-49FF-8BEF-BAB75B995D99}.Ad-Hoc|iPhone.Deploy.0 = Debug|Any CPU
		{962A86EB-B43B-49FF-8BEF-BAB75B995D99}.Ad-Hoc|iPhoneSimulator.ActiveCfg = Debug|Any CPU
		{962A86EB-B43B-49FF-8BEF-BAB75B995D99}.Ad-Hoc|iPhoneSimulator.Build.0 = Debug|Any CPU
		{962A86EB-B43B-49FF-8BEF-BAB75B995D99}.Ad-Hoc|iPhoneSimulator.Deploy.0 = Debug|Any CPU
		{962A86EB-B43B-49FF-8BEF-BAB75B995D99}.Ad-Hoc|x64.ActiveCfg = Debug|Any CPU
		{962A86EB-B43B-49FF-8BEF-BAB75B995D99}.Ad-Hoc|x64.Build.0 = Debug|Any CPU
		{962A86EB-B43B-49FF-8BEF-BAB75B995D99}.Ad-Hoc|x64.Deploy.0 = Debug|Any CPU
		{962A86EB-B43B-49FF-8BEF-BAB75B995D99}.Ad-Hoc|x86.ActiveCfg = Debug|Any CPU
		{962A86EB-B43B-49FF-8BEF-BAB75B995D99}.Ad-Hoc|x86.Build.0 = Debug|Any CPU
		{962A86EB-B43B-49FF-8BEF-BAB75B995D99}.Ad-Hoc|x86.Deploy.0 = Debug|Any CPU
		{962A86EB-B43B-49FF-8BEF-BAB75B995D99}.AppStore|Any CPU.ActiveCfg = Debug|Any CPU
		{962A86EB-B43B-49FF-8BEF-BAB75B995D99}.AppStore|Any CPU.Build.0 = Debug|Any CPU
		{962A86EB-B43B-49FF-8BEF-BAB75B995D99}.AppStore|Any CPU.Deploy.0 = Debug|Any CPU
		{962A86EB-B43B-49FF-8BEF-BAB75B995D99}.AppStore|ARM.ActiveCfg = Debug|Any CPU
		{962A86EB-B43B-49FF-8BEF-BAB75B995D99}.AppStore|ARM.Build.0 = Debug|Any CPU
		{962A86EB-B43B-49FF-8BEF-BAB75B995D99}.AppStore|ARM.Deploy.0 = Debug|Any CPU
		{962A86EB-B43B-49FF-8BEF-BAB75B995D99}.AppStore|iPhone.ActiveCfg = Debug|Any CPU
		{962A86EB-B43B-49FF-8BEF-BAB75B995D99}.AppStore|iPhone.Build.0 = Debug|Any CPU
		{962A86EB-B43B-49FF-8BEF-BAB75B995D99}.AppStore|iPhone.Deploy.0 = Debug|Any CPU
		{962A86EB-B43B-49FF-8BEF-BAB75B995D99}.AppStore|iPhoneSimulator.ActiveCfg = Debug|Any CPU
		{962A86EB-B43B-49FF-8BEF-BAB75B995D99}.AppStore|iPhoneSimulator.Build.0 = Debug|Any CPU
		{962A86EB-B43B-49FF-8BEF-BAB75B995D99}.AppStore|iPhoneSimulator.Deploy.0 = Debug|Any CPU
		{962A86EB-B43B-49FF-8BEF-BAB75B995D99}.AppStore|x64.ActiveCfg = Debug|Any CPU
		{962A86EB-B43B-49FF-8BEF-BAB75B995D99}.AppStore|x64.Build.0 = Debug|Any CPU
		{962A86EB-B43B-49FF-8BEF-BAB75B995D99}.AppStore|x64.Deploy.0 = Debug|Any CPU
		{962A86EB-B43B-49FF-8BEF-BAB75B995D99}.AppStore|x86.ActiveCfg = Debug|Any CPU
		{962A86EB-B43B-49FF-8BEF-BAB75B995D99}.AppStore|x86.Build.0 = Debug|Any CPU
		{962A86EB-B43B-49FF-8BEF-BAB75B995D99}.AppStore|x86.Deploy.0 = Debug|Any CPU
		{962A86EB-B43B-49FF-8BEF-BAB75B995D99}.Debug|Any CPU.ActiveCfg = Debug|Any CPU
		{962A86EB-B43B-49FF-8BEF-BAB75B995D99}.Debug|Any CPU.Build.0 = Debug|Any CPU
		{962A86EB-B43B-49FF-8BEF-BAB75B995D99}.Debug|Any CPU.Deploy.0 = Debug|Any CPU
		{962A86EB-B43B-49FF-8BEF-BAB75B995D99}.Debug|ARM.ActiveCfg = Debug|Any CPU
		{962A86EB-B43B-49FF-8BEF-BAB75B995D99}.Debug|ARM.Build.0 = Debug|Any CPU
		{962A86EB-B43B-49FF-8BEF-BAB75B995D99}.Debug|ARM.Deploy.0 = Debug|Any CPU
		{962A86EB-B43B-49FF-8BEF-BAB75B995D99}.Debug|iPhone.ActiveCfg = Debug|Any CPU
		{962A86EB-B43B-49FF-8BEF-BAB75B995D99}.Debug|iPhone.Build.0 = Debug|Any CPU
		{962A86EB-B43B-49FF-8BEF-BAB75B995D99}.Debug|iPhone.Deploy.0 = Debug|Any CPU
		{962A86EB-B43B-49FF-8BEF-BAB75B995D99}.Debug|iPhoneSimulator.ActiveCfg = Debug|Any CPU
		{962A86EB-B43B-49FF-8BEF-BAB75B995D99}.Debug|iPhoneSimulator.Build.0 = Debug|Any CPU
		{962A86EB-B43B-49FF-8BEF-BAB75B995D99}.Debug|iPhoneSimulator.Deploy.0 = Debug|Any CPU
		{962A86EB-B43B-49FF-8BEF-BAB75B995D99}.Debug|x64.ActiveCfg = Debug|Any CPU
		{962A86EB-B43B-49FF-8BEF-BAB75B995D99}.Debug|x64.Build.0 = Debug|Any CPU
		{962A86EB-B43B-49FF-8BEF-BAB75B995D99}.Debug|x64.Deploy.0 = Debug|Any CPU
		{962A86EB-B43B-49FF-8BEF-BAB75B995D99}.Debug|x86.ActiveCfg = Debug|Any CPU
		{962A86EB-B43B-49FF-8BEF-BAB75B995D99}.Debug|x86.Build.0 = Debug|Any CPU
		{962A86EB-B43B-49FF-8BEF-BAB75B995D99}.Debug|x86.Deploy.0 = Debug|Any CPU
		{962A86EB-B43B-49FF-8BEF-BAB75B995D99}.Release|Any CPU.ActiveCfg = Release|Any CPU
		{962A86EB-B43B-49FF-8BEF-BAB75B995D99}.Release|Any CPU.Build.0 = Release|Any CPU
		{962A86EB-B43B-49FF-8BEF-BAB75B995D99}.Release|Any CPU.Deploy.0 = Release|Any CPU
		{962A86EB-B43B-49FF-8BEF-BAB75B995D99}.Release|ARM.ActiveCfg = Release|Any CPU
		{962A86EB-B43B-49FF-8BEF-BAB75B995D99}.Release|ARM.Build.0 = Release|Any CPU
		{962A86EB-B43B-49FF-8BEF-BAB75B995D99}.Release|ARM.Deploy.0 = Release|Any CPU
		{962A86EB-B43B-49FF-8BEF-BAB75B995D99}.Release|iPhone.ActiveCfg = Release|Any CPU
		{962A86EB-B43B-49FF-8BEF-BAB75B995D99}.Release|iPhone.Build.0 = Release|Any CPU
		{962A86EB-B43B-49FF-8BEF-BAB75B995D99}.Release|iPhone.Deploy.0 = Release|Any CPU
		{962A86EB-B43B-49FF-8BEF-BAB75B995D99}.Release|iPhoneSimulator.ActiveCfg = Release|Any CPU
		{962A86EB-B43B-49FF-8BEF-BAB75B995D99}.Release|iPhoneSimulator.Build.0 = Release|Any CPU
		{962A86EB-B43B-49FF-8BEF-BAB75B995D99}.Release|iPhoneSimulator.Deploy.0 = Release|Any CPU
		{962A86EB-B43B-49FF-8BEF-BAB75B995D99}.Release|x64.ActiveCfg = Release|Any CPU
		{962A86EB-B43B-49FF-8BEF-BAB75B995D99}.Release|x64.Build.0 = Release|Any CPU
		{962A86EB-B43B-49FF-8BEF-BAB75B995D99}.Release|x64.Deploy.0 = Release|Any CPU
		{962A86EB-B43B-49FF-8BEF-BAB75B995D99}.Release|x86.ActiveCfg = Release|Any CPU
		{962A86EB-B43B-49FF-8BEF-BAB75B995D99}.Release|x86.Build.0 = Release|Any CPU
		{962A86EB-B43B-49FF-8BEF-BAB75B995D99}.Release|x86.Deploy.0 = Release|Any CPU
	EndGlobalSection
	GlobalSection(SolutionProperties) = preSolution
		HideSolutionNode = FALSE
	EndGlobalSection
	GlobalSection(ExtensibilityGlobals) = postSolution
		SolutionGuid = {408BA776-687A-40F5-9B97-1AA06360F12B}
	EndGlobalSection
EndGlobal
